
Microsoft Visual Studio Solution File, Format Version 12.00
# Visual Studio Version 17
VisualStudioVersion = 17.8.34511.84
MinimumVisualStudioVersion = 10.0.40219.1
Project("{9A19103F-16F7-4668-BE54-9A1E7A4F7556}") = "CarvedRock.Admin", "CarvedRock.Admin.csproj", "{EBC71AD7-A460-4267-A8BE-2652CF74C5F6}"
EndProject
Global
	GlobalSection(SolutionConfigurationPlatforms) = preSolution
		Debug|Any CPU = Debug|Any CPU
		Release|Any CPU = Release|Any CPU
	EndGlobalSection
	GlobalSection(ProjectConfigurationPlatforms) = postSolution
		{EBC71AD7-A460-4267-A8BE-2652CF74C5F6}.Debug|Any CPU.ActiveCfg = Debug|Any CPU
		{EBC71AD7-A460-4267-A8BE-2652CF74C5F6}.Debug|Any CPU.Build.0 = Debug|Any CPU
		{EBC71AD7-A460-4267-A8BE-2652CF74C5F6}.Release|Any CPU.ActiveCfg = Release|Any CPU
		{EBC71AD7-A460-4267-A8BE-2652CF74C5F6}.Release|Any CPU.Build.0 = Release|Any CPU
	EndGlobalSection
	GlobalSection(SolutionProperties) = preSolution
		HideSolutionNode = FALSE
	EndGlobalSection
	GlobalSection(ExtensibilityGlobals) = postSolution
		SolutionGuid = {41CD477C-6557-45D3-970E-91F9A2318212}
	EndGlobalSection
EndGlobal
